
Microsoft Visual Studio Solution File, Format Version 12.00
# Visual Studio Version 17
VisualStudioVersion = 17.11.35222.181
MinimumVisualStudioVersion = 10.0.40219.1
Project("{FAE04EC0-301F-11D3-BF4B-00C04F79EFBC}") = "mythical-masters", "mythical-masters\mythical-masters.csproj", "{C70C2044-9BAD-4316-BA24-46E79B80FD00}"
EndProject
Global
	GlobalSection(SolutionConfigurationPlatforms) = preSolution
		Debug|Any CPU = Debug|Any CPU
		Release|Any CPU = Release|Any CPU
	EndGlobalSection
	GlobalSection(ProjectConfigurationPlatforms) = postSolution
		{C70C2044-9BAD-4316-BA24-46E79B80FD00}.Debug|Any CPU.ActiveCfg = Debug|Any CPU
		{C70C2044-9BAD-4316-BA24-46E79B80FD00}.Debug|Any CPU.Build.0 = Debug|Any CPU
		{C70C2044-9BAD-4316-BA24-46E79B80FD00}.Release|Any CPU.ActiveCfg = Release|Any CPU
		{C70C2044-9BAD-4316-BA24-46E79B80FD00}.Release|Any CPU.Build.0 = Release|Any CPU
	EndGlobalSection
	GlobalSection(SolutionProperties) = preSolution
		HideSolutionNode = FALSE
	EndGlobalSection
	GlobalSection(ExtensibilityGlobals) = postSolution
		SolutionGuid = {43C0DEE5-9827-42BA-92CB-3D941C017112}
	EndGlobalSection
EndGlobal
